
Microsoft Visual Studio Solution File, Format Version 12.00
# Visual Studio Version 17
VisualStudioVersion = 17.11.35327.3
MinimumVisualStudioVersion = 10.0.40219.1
Project("{FAE04EC0-301F-11D3-BF4B-00C04F79EFBC}") = "RomanNumerals", "RomanNumerals\RomanNumerals.csproj", "{152D9030-C73F-44E9-822A-CD05BD9F5A14}"
EndProject
Project("{FAE04EC0-301F-11D3-BF4B-00C04F79EFBC}") = "RomanNumerals.Testing", "RomanNumerals.Testing\RomanNumerals.Testing.csproj", "{DB1763FF-ED1F-4292-95D0-241EB5E71F4A}"
EndProject
Global
	GlobalSection(SolutionConfigurationPlatforms) = preSolution
		Debug|Any CPU = Debug|Any CPU
		Release|Any CPU = Release|Any CPU
	EndGlobalSection
	GlobalSection(ProjectConfigurationPlatforms) = postSolution
		{152D9030-C73F-44E9-822A-CD05BD9F5A14}.Debug|Any CPU.ActiveCfg = Debug|Any CPU
		{152D9030-C73F-44E9-822A-CD05BD9F5A14}.Debug|Any CPU.Build.0 = Debug|Any CPU
		{152D9030-C73F-44E9-822A-CD05BD9F5A14}.Release|Any CPU.ActiveCfg = Release|Any CPU
		{152D9030-C73F-44E9-822A-CD05BD9F5A14}.Release|Any CPU.Build.0 = Release|Any CPU
		{DB1763FF-ED1F-4292-95D0-241EB5E71F4A}.Debug|Any CPU.ActiveCfg = Debug|Any CPU
		{DB1763FF-ED1F-4292-95D0-241EB5E71F4A}.Debug|Any CPU.Build.0 = Debug|Any CPU
		{DB1763FF-ED1F-4292-95D0-241EB5E71F4A}.Release|Any CPU.ActiveCfg = Release|Any CPU
		{DB1763FF-ED1F-4292-95D0-241EB5E71F4A}.Release|Any CPU.Build.0 = Release|Any CPU
	EndGlobalSection
	GlobalSection(SolutionProperties) = preSolution
		HideSolutionNode = FALSE
	EndGlobalSection
	GlobalSection(ExtensibilityGlobals) = postSolution
		SolutionGuid = {4EB8AAF2-8522-4E26-816A-473F299704A5}
	EndGlobalSection
EndGlobal
